
Microsoft Visual Studio Solution File, Format Version 12.00
# Visual Studio Version 17
VisualStudioVersion = 17.8.34330.188
MinimumVisualStudioVersion = 10.0.40219.1
Project("{FAE04EC0-301F-11D3-BF4B-00C04F79EFBC}") = "GA_AggregationAndContainment_MatthewVargas", "GA_AggregationAndContainment_MatthewVargas\GA_AggregationAndContainment_MatthewVargas.csproj", "{7EF97BBA-1B97-4D0B-856A-B1362FDAEBB6}"
EndProject
Global
	GlobalSection(SolutionConfigurationPlatforms) = preSolution
		Debug|Any CPU = Debug|Any CPU
		Release|Any CPU = Release|Any CPU
	EndGlobalSection
	GlobalSection(ProjectConfigurationPlatforms) = postSolution
		{7EF97BBA-1B97-4D0B-856A-B1362FDAEBB6}.Debug|Any CPU.ActiveCfg = Debug|Any CPU
		{7EF97BBA-1B97-4D0B-856A-B1362FDAEBB6}.Debug|Any CPU.Build.0 = Debug|Any CPU
		{7EF97BBA-1B97-4D0B-856A-B1362FDAEBB6}.Release|Any CPU.ActiveCfg = Release|Any CPU
		{7EF97BBA-1B97-4D0B-856A-B1362FDAEBB6}.Release|Any CPU.Build.0 = Release|Any CPU
	EndGlobalSection
	GlobalSection(SolutionProperties) = preSolution
		HideSolutionNode = FALSE
	EndGlobalSection
	GlobalSection(ExtensibilityGlobals) = postSolution
		SolutionGuid = {EC3E2CBE-706B-4839-88EC-AC09CB82D21B}
	EndGlobalSection
EndGlobal
